// !$*UTF8*$!
{
	archiveVersion = 1;
	classes = {
	};
	objectVersion = 56;
	objects = {

/* Begin PBXBuildFile section */
		096182822965E8B000D70153 /* AppDelegate.swift in Sources */ = {isa = PBXBuildFile; fileRef = 096182812965E8B000D70153 /* AppDelegate.swift */; };
		096182842965E8B000D70153 /* SceneDelegate.swift in Sources */ = {isa = PBXBuildFile; fileRef = 096182832965E8B000D70153 /* SceneDelegate.swift */; };
		096182862965E8B000D70153 /* ViewController.swift in Sources */ = {isa = PBXBuildFile; fileRef = 096182852965E8B000D70153 /* ViewController.swift */; };
		0961828B2965E8B200D70153 /* Assets.xcassets in Resources */ = {isa = PBXBuildFile; fileRef = 0961828A2965E8B200D70153 /* Assets.xcassets */; };
		0961828E2965E8B200D70153 /* LaunchScreen.storyboard in Resources */ = {isa = PBXBuildFile; fileRef = 0961828C2965E8B200D70153 /* LaunchScreen.storyboard */; };
		096182962965F68800D70153 /* MainViewController.swift in Sources */ = {isa = PBXBuildFile; fileRef = 096182952965F68800D70153 /* MainViewController.swift */; };
		09618298296602CA00D70153 /* HomeViewController.swift in Sources */ = {isa = PBXBuildFile; fileRef = 09618297296602CA00D70153 /* HomeViewController.swift */; };
		0961829A296602E100D70153 /* ScheduleViewController.swift in Sources */ = {isa = PBXBuildFile; fileRef = 09618299296602E100D70153 /* ScheduleViewController.swift */; };
		0961829C296602EB00D70153 /* MoreViewController.swift in Sources */ = {isa = PBXBuildFile; fileRef = 0961829B296602EB00D70153 /* MoreViewController.swift */; };
		0961829F2966089F00D70153 /* TopTableViewCell.swift in Sources */ = {isa = PBXBuildFile; fileRef = 0961829D2966089F00D70153 /* TopTableViewCell.swift */; };
		096182A02966089F00D70153 /* TopTableViewCell.xib in Resources */ = {isa = PBXBuildFile; fileRef = 0961829E2966089F00D70153 /* TopTableViewCell.xib */; };
		096182A4296608B900D70153 /* MiddleTableViewCell.swift in Sources */ = {isa = PBXBuildFile; fileRef = 096182A2296608B900D70153 /* MiddleTableViewCell.swift */; };
		096182A5296608B900D70153 /* MiddleTableViewCell.xib in Resources */ = {isa = PBXBuildFile; fileRef = 096182A3296608B900D70153 /* MiddleTableViewCell.xib */; };
		096182A8296608C600D70153 /* BottomTableViewCell.swift in Sources */ = {isa = PBXBuildFile; fileRef = 096182A6296608C600D70153 /* BottomTableViewCell.swift */; };
		096182A9296608C600D70153 /* BottomTableViewCell.xib in Resources */ = {isa = PBXBuildFile; fileRef = 096182A7296608C600D70153 /* BottomTableViewCell.xib */; };
		096182AC296608D500D70153 /* ScheduleCellTableViewCell.swift in Sources */ = {isa = PBXBuildFile; fileRef = 096182AA296608D500D70153 /* ScheduleCellTableViewCell.swift */; };
		096182AD296608D500D70153 /* ScheduleCellTableViewCell.xib in Resources */ = {isa = PBXBuildFile; fileRef = 096182AB296608D500D70153 /* ScheduleCellTableViewCell.xib */; };
		096182B02967EAB000D70153 /* AppCollectionViewCell.swift in Sources */ = {isa = PBXBuildFile; fileRef = 096182AE2967EAAF00D70153 /* AppCollectionViewCell.swift */; };
		096182B12967EAB000D70153 /* AppCollectionViewCell.xib in Resources */ = {isa = PBXBuildFile; fileRef = 096182AF2967EAB000D70153 /* AppCollectionViewCell.xib */; };
/* End PBXBuildFile section */

/* Begin PBXFileReference section */
		0961827E2965E8B000D70153 /* Unpluq-Demo.app */ = {isa = PBXFileReference; explicitFileType = wrapper.application; includeInIndex = 0; path = "Unpluq-Demo.app"; sourceTree = BUILT_PRODUCTS_DIR; };
		096182812965E8B000D70153 /* AppDelegate.swift */ = {isa = PBXFileReference; lastKnownFileType = sourcecode.swift; path = AppDelegate.swift; sourceTree = "<group>"; };
		096182832965E8B000D70153 /* SceneDelegate.swift */ = {isa = PBXFileReference; lastKnownFileType = sourcecode.swift; path = SceneDelegate.swift; sourceTree = "<group>"; };
		096182852965E8B000D70153 /* ViewController.swift */ = {isa = PBXFileReference; lastKnownFileType = sourcecode.swift; path = ViewController.swift; sourceTree = "<group>"; };
		0961828A2965E8B200D70153 /* Assets.xcassets */ = {isa = PBXFileReference; lastKnownFileType = folder.assetcatalog; path = Assets.xcassets; sourceTree = "<group>"; };
		0961828D2965E8B200D70153 /* Base */ = {isa = PBXFileReference; lastKnownFileType = file.storyboard; name = Base; path = Base.lproj/LaunchScreen.storyboard; sourceTree = "<group>"; };
		0961828F2965E8B200D70153 /* Info.plist */ = {isa = PBXFileReference; lastKnownFileType = text.plist.xml; path = Info.plist; sourceTree = "<group>"; };
		096182952965F68800D70153 /* MainViewController.swift */ = {isa = PBXFileReference; lastKnownFileType = sourcecode.swift; path = MainViewController.swift; sourceTree = "<group>"; };
		09618297296602CA00D70153 /* HomeViewController.swift */ = {isa = PBXFileReference; lastKnownFileType = sourcecode.swift; path = HomeViewController.swift; sourceTree = "<group>"; };
		09618299296602E100D70153 /* ScheduleViewController.swift */ = {isa = PBXFileReference; lastKnownFileType = sourcecode.swift; path = ScheduleViewController.swift; sourceTree = "<group>"; };
		0961829B296602EB00D70153 /* MoreViewController.swift */ = {isa = PBXFileReference; lastKnownFileType = sourcecode.swift; path = MoreViewController.swift; sourceTree = "<group>"; };
		0961829D2966089F00D70153 /* TopTableViewCell.swift */ = {isa = PBXFileReference; lastKnownFileType = sourcecode.swift; path = TopTableViewCell.swift; sourceTree = "<group>"; };
		0961829E2966089F00D70153 /* TopTableViewCell.xib */ = {isa = PBXFileReference; lastKnownFileType = file.xib; path = TopTableViewCell.xib; sourceTree = "<group>"; };
		096182A2296608B900D70153 /* MiddleTableViewCell.swift */ = {isa = PBXFileReference; lastKnownFileType = sourcecode.swift; path = MiddleTableViewCell.swift; sourceTree = "<group>"; };
		096182A3296608B900D70153 /* MiddleTableViewCell.xib */ = {isa = PBXFileReference; lastKnownFileType = file.xib; path = MiddleTableViewCell.xib; sourceTree = "<group>"; };
		096182A6296608C600D70153 /* BottomTableViewCell.swift */ = {isa = PBXFileReference; lastKnownFileType = sourcecode.swift; path = BottomTableViewCell.swift; sourceTree = "<group>"; };
		096182A7296608C600D70153 /* BottomTableViewCell.xib */ = {isa = PBXFileReference; lastKnownFileType = file.xib; path = BottomTableViewCell.xib; sourceTree = "<group>"; };
		096182AA296608D500D70153 /* ScheduleCellTableViewCell.swift */ = {isa = PBXFileReference; lastKnownFileType = sourcecode.swift; path = ScheduleCellTableViewCell.swift; sourceTree = "<group>"; };
		096182AB296608D500D70153 /* ScheduleCellTableViewCell.xib */ = {isa = PBXFileReference; lastKnownFileType = file.xib; path = ScheduleCellTableViewCell.xib; sourceTree = "<group>"; };
		096182AE2967EAAF00D70153 /* AppCollectionViewCell.swift */ = {isa = PBXFileReference; lastKnownFileType = sourcecode.swift; path = AppCollectionViewCell.swift; sourceTree = "<group>"; };
		096182AF2967EAB000D70153 /* AppCollectionViewCell.xib */ = {isa = PBXFileReference; lastKnownFileType = file.xib; path = AppCollectionViewCell.xib; sourceTree = "<group>"; };
/* End PBXFileReference section */

/* Begin PBXFrameworksBuildPhase section */
		0961827B2965E8B000D70153 /* Frameworks */ = {
			isa = PBXFrameworksBuildPhase;
			buildActionMask = 2147483647;
			files = (
			);
			runOnlyForDeploymentPostprocessing = 0;
		};
/* End PBXFrameworksBuildPhase section */

/* Begin PBXGroup section */
		096182752965E8B000D70153 = {
			isa = PBXGroup;
			children = (
				096182802965E8B000D70153 /* Unpluq-Demo */,
				0961827F2965E8B000D70153 /* Products */,
			);
			sourceTree = "<group>";
		};
		0961827F2965E8B000D70153 /* Products */ = {
			isa = PBXGroup;
			children = (
				0961827E2965E8B000D70153 /* Unpluq-Demo.app */,
			);
			name = Products;
			sourceTree = "<group>";
		};
		096182802965E8B000D70153 /* Unpluq-Demo */ = {
			isa = PBXGroup;
			children = (
				096182B22967FCD100D70153 /* ViewControllers */,
				096182A1296608A400D70153 /* Cell */,
				096182812965E8B000D70153 /* AppDelegate.swift */,
				096182832965E8B000D70153 /* SceneDelegate.swift */,
				0961828A2965E8B200D70153 /* Assets.xcassets */,
				0961828C2965E8B200D70153 /* LaunchScreen.storyboard */,
				0961828F2965E8B200D70153 /* Info.plist */,
			);
			path = "Unpluq-Demo";
			sourceTree = "<group>";
		};
		096182A1296608A400D70153 /* Cell */ = {
			isa = PBXGroup;
			children = (
				096182B52967FD0B00D70153 /* CommonCell */,
				096182B42967FCFD00D70153 /* ScheduleCell */,
				096182B32967FCEC00D70153 /* HomeCell */,
			);
			path = Cell;
			sourceTree = "<group>";
		};
		096182B22967FCD100D70153 /* ViewControllers */ = {
			isa = PBXGroup;
			children = (
				096182852965E8B000D70153 /* ViewController.swift */,
				096182952965F68800D70153 /* MainViewController.swift */,
				09618297296602CA00D70153 /* HomeViewController.swift */,
				09618299296602E100D70153 /* ScheduleViewController.swift */,
				0961829B296602EB00D70153 /* MoreViewController.swift */,
			);
			path = ViewControllers;
			sourceTree = "<group>";
		};
		096182B32967FCEC00D70153 /* HomeCell */ = {
			isa = PBXGroup;
			children = (
				0961829D2966089F00D70153 /* TopTableViewCell.swift */,
				0961829E2966089F00D70153 /* TopTableViewCell.xib */,
				096182A2296608B900D70153 /* MiddleTableViewCell.swift */,
				096182A3296608B900D70153 /* MiddleTableViewCell.xib */,
				096182A6296608C600D70153 /* BottomTableViewCell.swift */,
				096182A7296608C600D70153 /* BottomTableViewCell.xib */,
			);
			path = HomeCell;
			sourceTree = "<group>";
		};
		096182B42967FCFD00D70153 /* ScheduleCell */ = {
			isa = PBXGroup;
			children = (
				096182AA296608D500D70153 /* ScheduleCellTableViewCell.swift */,
				096182AB296608D500D70153 /* ScheduleCellTableViewCell.xib */,
			);
			path = ScheduleCell;
			sourceTree = "<group>";
		};
		096182B52967FD0B00D70153 /* CommonCell */ = {
			isa = PBXGroup;
			children = (
				096182AE2967EAAF00D70153 /* AppCollectionViewCell.swift */,
				096182AF2967EAB000D70153 /* AppCollectionViewCell.xib */,
			);
			path = CommonCell;
			sourceTree = "<group>";
		};
/* End PBXGroup section */

/* Begin PBXNativeTarget section */
		0961827D2965E8B000D70153 /* Unpluq-Demo */ = {
			isa = PBXNativeTarget;
			buildConfigurationList = 096182922965E8B200D70153 /* Build configuration list for PBXNativeTarget "Unpluq-Demo" */;
			buildPhases = (
				0961827A2965E8B000D70153 /* Sources */,
				0961827B2965E8B000D70153 /* Frameworks */,
				0961827C2965E8B000D70153 /* Resources */,
			);
			buildRules = (
			);
			dependencies = (
			);
			name = "Unpluq-Demo";
			productName = "Unpluq-Demo";
			productReference = 0961827E2965E8B000D70153 /* Unpluq-Demo.app */;
			productType = "com.apple.product-type.application";
		};
/* End PBXNativeTarget section */

/* Begin PBXProject section */
		096182762965E8B000D70153 /* Project object */ = {
			isa = PBXProject;
			attributes = {
				BuildIndependentTargetsInParallel = 1;
				LastSwiftUpdateCheck = 1410;
				LastUpgradeCheck = 1410;
				TargetAttributes = {
					0961827D2965E8B000D70153 = {
						CreatedOnToolsVersion = 14.1;
					};
				};
			};
			buildConfigurationList = 096182792965E8B000D70153 /* Build configuration list for PBXProject "Unpluq-Demo" */;
			compatibilityVersion = "Xcode 14.0";
			developmentRegion = en;
			hasScannedForEncodings = 0;
			knownRegions = (
				en,
				Base,
			);
			mainGroup = 096182752965E8B000D70153;
			productRefGroup = 0961827F2965E8B000D70153 /* Products */;
			projectDirPath = "";
			projectRoot = "";
			targets = (
				0961827D2965E8B000D70153 /* Unpluq-Demo */,
			);
		};
/* End PBXProject section */

/* Begin PBXResourcesBuildPhase section */
		0961827C2965E8B000D70153 /* Resources */ = {
			isa = PBXResourcesBuildPhase;
			buildActionMask = 2147483647;
			files = (
				096182AD296608D500D70153 /* ScheduleCellTableViewCell.xib in Resources */,
				0961828E2965E8B200D70153 /* LaunchScreen.storyboard in Resources */,
				096182A9296608C600D70153 /* BottomTableViewCell.xib in Resources */,
				0961828B2965E8B200D70153 /* Assets.xcassets in Resources */,
				096182A5296608B900D70153 /* MiddleTableViewCell.xib in Resources */,
				096182B12967EAB000D70153 /* AppCollectionViewCell.xib in Resources */,
				096182A02966089F00D70153 /* TopTableViewCell.xib in Resources */,
			);
			runOnlyForDeploymentPostprocessing = 0;
		};
/* End PBXResourcesBuildPhase section */

/* Begin PBXSourcesBuildPhase section */
		0961827A2965E8B000D70153 /* Sources */ = {
			isa = PBXSourcesBuildPhase;
			buildActionMask = 2147483647;
			files = (
				0961829C296602EB00D70153 /* MoreViewController.swift in Sources */,
				09618298296602CA00D70153 /* HomeViewController.swift in Sources */,
				096182B02967EAB000D70153 /* AppCollectionViewCell.swift in Sources */,
				096182862965E8B000D70153 /* ViewController.swift in Sources */,
				096182A4296608B900D70153 /* MiddleTableViewCell.swift in Sources */,
				096182822965E8B000D70153 /* AppDelegate.swift in Sources */,
				0961829A296602E100D70153 /* ScheduleViewController.swift in Sources */,
				096182842965E8B000D70153 /* SceneDelegate.swift in Sources */,
				096182962965F68800D70153 /* MainViewController.swift in Sources */,
				096182AC296608D500D70153 /* ScheduleCellTableViewCell.swift in Sources */,
				096182A8296608C600D70153 /* BottomTableViewCell.swift in Sources */,
				0961829F2966089F00D70153 /* TopTableViewCell.swift in Sources */,
			);
			runOnlyForDeploymentPostprocessing = 0;
		};
/* End PBXSourcesBuildPhase section */

/* Begin PBXVariantGroup section */
		0961828C2965E8B200D70153 /* LaunchScreen.storyboard */ = {
			isa = PBXVariantGroup;
			children = (
				0961828D2965E8B200D70153 /* Base */,
			);
			name = LaunchScreen.storyboard;
			sourceTree = "<group>";
		};
/* End PBXVariantGroup section */

/* Begin XCBuildConfiguration section */
		096182902965E8B200D70153 /* Debug */ = {
			isa = XCBuildConfiguration;
			buildSettings = {
				ALWAYS_SEARCH_USER_PATHS = NO;
				CLANG_ANALYZER_NONNULL = YES;
				CLANG_ANALYZER_NUMBER_OBJECT_CONVERSION = YES_AGGRESSIVE;
				CLANG_CXX_LANGUAGE_STANDARD = "gnu++20";
				CLANG_ENABLE_MODULES = YES;
				CLANG_ENABLE_OBJC_ARC = YES;
				CLANG_ENABLE_OBJC_WEAK = YES;
				CLANG_WARN_BLOCK_CAPTURE_AUTORELEASING = YES;
				CLANG_WARN_BOOL_CONVERSION = YES;
				CLANG_WARN_COMMA = YES;
				CLANG_WARN_CONSTANT_CONVERSION = YES;
				CLANG_WARN_DEPRECATED_OBJC_IMPLEMENTATIONS = YES;
				CLANG_WARN_DIRECT_OBJC_ISA_USAGE = YES_ERROR;
				CLANG_WARN_DOCUMENTATION_COMMENTS = YES;
				CLANG_WARN_EMPTY_BODY = YES;
				CLANG_WARN_ENUM_CONVERSION = YES;
				CLANG_WARN_INFINITE_RECURSION = YES;
				CLANG_WARN_INT_CONVERSION = YES;
				CLANG_WARN_NON_LITERAL_NULL_CONVERSION = YES;
				CLANG_WARN_OBJC_IMPLICIT_RETAIN_SELF = YES;
				CLANG_WARN_OBJC_LITERAL_CONVERSION = YES;
				CLANG_WARN_OBJC_ROOT_CLASS = YES_ERROR;
				CLANG_WARN_QUOTED_INCLUDE_IN_FRAMEWORK_HEADER = YES;
				CLANG_WARN_RANGE_LOOP_ANALYSIS = YES;
				CLANG_WARN_STRICT_PROTOTYPES = YES;
				CLANG_WARN_SUSPICIOUS_MOVE = YES;
				CLANG_WARN_UNGUARDED_AVAILABILITY = YES_AGGRESSIVE;
				CLANG_WARN_UNREACHABLE_CODE = YES;
				CLANG_WARN__DUPLICATE_METHOD_MATCH = YES;
				COPY_PHASE_STRIP = NO;
				DEBUG_INFORMATION_FORMAT = dwarf;
				ENABLE_STRICT_OBJC_MSGSEND = YES;
				ENABLE_TESTABILITY = YES;
				GCC_C_LANGUAGE_STANDARD = gnu11;
				GCC_DYNAMIC_NO_PIC = NO;
				GCC_NO_COMMON_BLOCKS = YES;
				GCC_OPTIMIZATION_LEVEL = 0;
				GCC_PREPROCESSOR_DEFINITIONS = (
					"DEBUG=1",
					"$(inherited)",
				);
				GCC_WARN_64_TO_32_BIT_CONVERSION = YES;
				GCC_WARN_ABOUT_RETURN_TYPE = YES_ERROR;
				GCC_WARN_UNDECLARED_SELECTOR = YES;
				GCC_WARN_UNINITIALIZED_AUTOS = YES_AGGRESSIVE;
				GCC_WARN_UNUSED_FUNCTION = YES;
				GCC_WARN_UNUSED_VARIABLE = YES;
				IPHONEOS_DEPLOYMENT_TARGET = 16.1;
				MTL_ENABLE_DEBUG_INFO = INCLUDE_SOURCE;
				MTL_FAST_MATH = YES;
				ONLY_ACTIVE_ARCH = YES;
				SDKROOT = iphoneos;
				SWIFT_ACTIVE_COMPILATION_CONDITIONS = DEBUG;
				SWIFT_OPTIMIZATION_LEVEL = "-Onone";
			};
			name = Debug;
		};
		096182912965E8B200D70153 /* Release */ = {
			isa = XCBuildConfiguration;
			buildSettings = {
				ALWAYS_SEARCH_USER_PATHS = NO;
				CLANG_ANALYZER_NONNULL = YES;
				CLANG_ANALYZER_NUMBER_OBJECT_CONVERSION = YES_AGGRESSIVE;
				CLANG_CXX_LANGUAGE_STANDARD = "gnu++20";
				CLANG_ENABLE_MODULES = YES;
				CLANG_ENABLE_OBJC_ARC = YES;
				CLANG_ENABLE_OBJC_WEAK = YES;
				CLANG_WARN_BLOCK_CAPTURE_AUTORELEASING = YES;
				CLANG_WARN_BOOL_CONVERSION = YES;
				CLANG_WARN_COMMA = YES;
				CLANG_WARN_CONSTANT_CONVERSION = YES;
				CLANG_WARN_DEPRECATED_OBJC_IMPLEMENTATIONS = YES;
				CLANG_WARN_DIRECT_OBJC_ISA_USAGE = YES_ERROR;
				CLANG_WARN_DOCUMENTATION_COMMENTS = YES;
				CLANG_WARN_EMPTY_BODY = YES;
				CLANG_WARN_ENUM_CONVERSION = YES;
				CLANG_WARN_INFINITE_RECURSION = YES;
				CLANG_WARN_INT_CONVERSION = YES;
				CLANG_WARN_NON_LITERAL_NULL_CONVERSION = YES;
				CLANG_WARN_OBJC_IMPLICIT_RETAIN_SELF = YES;
				CLANG_WARN_OBJC_LITERAL_CONVERSION = YES;
				CLANG_WARN_OBJC_ROOT_CLASS = YES_ERROR;
				CLANG_WARN_QUOTED_INCLUDE_IN_FRAMEWORK_HEADER = YES;
				CLANG_WARN_RANGE_LOOP_ANALYSIS = YES;
				CLANG_WARN_STRICT_PROTOTYPES = YES;
				CLANG_WARN_SUSPICIOUS_MOVE = YES;
				CLANG_WARN_UNGUARDED_AVAILABILITY = YES_AGGRESSIVE;
				CLANG_WARN_UNREACHABLE_CODE = YES;
				CLANG_WARN__DUPLICATE_METHOD_MATCH = YES;
				COPY_PHASE_STRIP = NO;
				DEBUG_INFORMATION_FORMAT = "dwarf-with-dsym";
				ENABLE_NS_ASSERTIONS = NO;
				ENABLE_STRICT_OBJC_MSGSEND = YES;
				GCC_C_LANGUAGE_STANDARD = gnu11;
				GCC_NO_COMMON_BLOCKS = YES;
				GCC_WARN_64_TO_32_BIT_CONVERSION = YES;
				GCC_WARN_ABOUT_RETURN_TYPE = YES_ERROR;
				GCC_WARN_UNDECLARED_SELECTOR = YES;
				GCC_WARN_UNINITIALIZED_AUTOS = YES_AGGRESSIVE;
				GCC_WARN_UNUSED_FUNCTION = YES;
				GCC_WARN_UNUSED_VARIABLE = YES;
				IPHONEOS_DEPLOYMENT_TARGET = 16.1;
				MTL_ENABLE_DEBUG_INFO = NO;
				MTL_FAST_MATH = YES;
				SDKROOT = iphoneos;
				SWIFT_COMPILATION_MODE = wholemodule;
				SWIFT_OPTIMIZATION_LEVEL = "-O";
				VALIDATE_PRODUCT = YES;
			};
			name = Release;
		};
		096182932965E8B200D70153 /* Debug */ = {
			isa = XCBuildConfiguration;
			buildSettings = {
				ASSETCATALOG_COMPILER_APPICON_NAME = AppIcon;
				ASSETCATALOG_COMPILER_GLOBAL_ACCENT_COLOR_NAME = AccentColor;
				CODE_SIGN_STYLE = Automatic;
				CURRENT_PROJECT_VERSION = 1;
				DEVELOPMENT_TEAM = RMLG32M95K;
				GENERATE_INFOPLIST_FILE = YES;
				INFOPLIST_FILE = "Unpluq-Demo/Info.plist";
				INFOPLIST_KEY_UIApplicationSupportsIndirectInputEvents = YES;
				INFOPLIST_KEY_UILaunchStoryboardName = LaunchScreen;
				INFOPLIST_KEY_UIMainStoryboardFile = "";
				INFOPLIST_KEY_UISupportedInterfaceOrientations_iPad = "UIInterfaceOrientationPortrait UIInterfaceOrientationPortraitUpsideDown UIInterfaceOrientationLandscapeLeft UIInterfaceOrientationLandscapeRight";
				INFOPLIST_KEY_UISupportedInterfaceOrientations_iPhone = "UIInterfaceOrientationPortrait UIInterfaceOrientationLandscapeLeft UIInterfaceOrientationLandscapeRight";
				IPHONEOS_DEPLOYMENT_TARGET = 15.0;
				LD_RUNPATH_SEARCH_PATHS = (
					"$(inherited)",
					"@executable_path/Frameworks",
				);
				MARKETING_VERSION = 1.0;
				PRODUCT_BUNDLE_IDENTIFIER = "demoapp.Unpluq-Demo";
				PRODUCT_NAME = "$(TARGET_NAME)";
				SWIFT_EMIT_LOC_STRINGS = YES;
				SWIFT_VERSION = 5.0;
				TARGETED_DEVICE_FAMILY = "1,2";
			};
			name = Debug;
		};
		096182942965E8B200D70153 /* Release */ = {
			isa = XCBuildConfiguration;
			buildSettings = {
				ASSETCATALOG_COMPILER_APPICON_NAME = AppIcon;
				ASSETCATALOG_COMPILER_GLOBAL_ACCENT_COLOR_NAME = AccentColor;
				CODE_SIGN_STYLE = Automatic;
				CURRENT_PROJECT_VERSION = 1;
				DEVELOPMENT_TEAM = RMLG32M95K;
				GENERATE_INFOPLIST_FILE = YES;
				INFOPLIST_FILE = "Unpluq-Demo/Info.plist";
				INFOPLIST_KEY_UIApplicationSupportsIndirectInputEvents = YES;
				INFOPLIST_KEY_UILaunchStoryboardName = LaunchScreen;
				INFOPLIST_KEY_UIMainStoryboardFile = "";
				INFOPLIST_KEY_UISupportedInterfaceOrientations_iPad = "UIInterfaceOrientationPortrait UIInterfaceOrientationPortraitUpsideDown UIInterfaceOrientationLandscapeLeft UIInterfaceOrientationLandscapeRight";
				INFOPLIST_KEY_UISupportedInterfaceOrientations_iPhone = "UIInterfaceOrientationPortrait UIInterfaceOrientationLandscapeLeft UIInterfaceOrientationLandscapeRight";
				IPHONEOS_DEPLOYMENT_TARGET = 15.0;
				LD_RUNPATH_SEARCH_PATHS = (
					"$(inherited)",
					"@executable_path/Frameworks",
				);
				MARKETING_VERSION = 1.0;
				PRODUCT_BUNDLE_IDENTIFIER = "demoapp.Unpluq-Demo";
				PRODUCT_NAME = "$(TARGET_NAME)";
				SWIFT_EMIT_LOC_STRINGS = YES;
				SWIFT_VERSION = 5.0;
				TARGETED_DEVICE_FAMILY = "1,2";
			};
			name = Release;
		};
/* End XCBuildConfiguration section */

/* Begin XCConfigurationList section */
		096182792965E8B000D70153 /* Build configuration list for PBXProject "Unpluq-Demo" */ = {
			isa = XCConfigurationList;
			buildConfigurations = (
				096182902965E8B200D70153 /* Debug */,
				096182912965E8B200D70153 /* Release */,
			);
			defaultConfigurationIsVisible = 0;
			defaultConfigurationName = Release;
		};
		096182922965E8B200D70153 /* Build configuration list for PBXNativeTarget "Unpluq-Demo" */ = {
			isa = XCConfigurationList;
			buildConfigurations = (
				096182932965E8B200D70153 /* Debug */,
				096182942965E8B200D70153 /* Release */,
			);
			defaultConfigurationIsVisible = 0;
			defaultConfigurationName = Release;
		};
/* End XCConfigurationList section */
	};
	rootObject = 096182762965E8B000D70153 /* Project object */;
}
